{
  "name": "custom-resources",
  "version": "0.0.0",
  "lockfileVersion": 1,
  "requires": true,
  "dependencies": {
    "@silvermine/cloudformation-custom-resources": {
      "version": "1.0.0-alpha.1",
      "resolved": "https://registry.npmjs.org/@silvermine/cloudformation-custom-resources/-/cloudformation-custom-resources-1.0.0-alpha.1.tgz",
      "integrity": "sha512-Ap7zCF3HU/NvFjpm8WebmSe0f5bq9OBkjMKDZq2i2h0N2NO64nctOrG2+YRczf3PLUqKuJPDO2uTqa9qpWvtFg==",
      "requires": {
        "class.extend": "0.9.2",
        "q": "1.5.1",
        "silvermine-lambda-utils": "git+https://github.com/silvermine/lambda-utils.git#8929f5531db49f7364de7a5e3f9bb8dabee8896e",
        "underscore": "1.9.1"
      }
    },
    "class.extend": {
      "version": "0.9.2",
      "resolved": "https://registry.npmjs.org/class.extend/-/class.extend-0.9.2.tgz",
      "integrity": "sha1-4cvaNpfLMdPNqxwAHSaQdckDH3g="
    },
    "q": {
      "version": "1.5.1",
      "resolved": "https://registry.npmjs.org/q/-/q-1.5.1.tgz",
      "integrity": "sha1-fjL3W0E4EpHQRhHxvxQQmsAGUdc="
    },
    "silvermine-lambda-utils": {
      "version": "git+https://github.com/silvermine/lambda-utils.git#8929f5531db49f7364de7a5e3f9bb8dabee8896e",
      "from": "git+https://github.com/silvermine/lambda-utils.git#8929f5531db49f7364de7a5e3f9bb8dabee8896e"
    },
    "underscore": {
      "version": "1.9.1",
      "resolved": "https://registry.npmjs.org/underscore/-/underscore-1.9.1.tgz",
      "integrity": "sha512-5/4etnCkd9c8gwgowi5/om/mYO5ajCaOgdzj/oW+0eQV9WxKBDZw5+ycmKmeaTXjInS/W0BzpGLo2xR2aBwZdg=="
    }
  }
}
